
Microsoft Visual Studio Solution File, Format Version 12.00
# Visual Studio Version 16
VisualStudioVersion = 16.0.29230.47
MinimumVisualStudioVersion = 10.0.40219.1
Project("{FAE04EC0-301F-11D3-BF4B-00C04F79EFBC}") = "BlackjackGame", "Blackjack\BlackjackGame.csproj", "{2320C7DE-5FF6-4F67-9453-D8E3FD93A2FE}"
EndProject
Project("{FAE04EC0-301F-11D3-BF4B-00C04F79EFBC}") = "Unit Testing", "Unit Testing\Unit Testing.csproj", "{C136CA96-9072-4BD2-BD96-1A40750ED792}"
EndProject
Project("{9A19103F-16F7-4668-BE54-9A1E7A4F7556}") = "Storage", "SQLite.DataBase\Storage.csproj", "{D7CD3057-8550-4106-AB62-08676392D622}"
EndProject
Project("{FAE04EC0-301F-11D3-BF4B-00C04F79EFBC}") = "BlackJack2", "BlackJack2\BlackJack2.csproj", "{0C0FC986-3790-4718-9336-B4761F364F41}"
EndProject
Project("{9A19103F-16F7-4668-BE54-9A1E7A4F7556}") = "BlackJack.v3", "BlackJack.v3\BlackJack.v3.csproj", "{BA0D735E-2EEC-45EB-8870-6EE0A520601A}"
EndProject
Project("{FAE04EC0-301F-11D3-BF4B-00C04F79EFBC}") = "Blackjack.GamePlay", "Blackjack.GamePlay\Blackjack.GamePlay.csproj", "{82E5D4ED-EB0E-4A65-A621-5717A07FC2A0}"
EndProject
Project("{FAE04EC0-301F-11D3-BF4B-00C04F79EFBC}") = "Blackjack.Data", "Blackjack.Data\Blackjack.Data.csproj", "{3E7C0400-B091-4C78-A076-BFA2F82768EE}"
EndProject
Global
	GlobalSection(SolutionConfigurationPlatforms) = preSolution
		Debug|Any CPU = Debug|Any CPU
		Release|Any CPU = Release|Any CPU
	EndGlobalSection
	GlobalSection(ProjectConfigurationPlatforms) = postSolution
		{2320C7DE-5FF6-4F67-9453-D8E3FD93A2FE}.Debug|Any CPU.ActiveCfg = Debug|Any CPU
		{2320C7DE-5FF6-4F67-9453-D8E3FD93A2FE}.Debug|Any CPU.Build.0 = Debug|Any CPU
		{2320C7DE-5FF6-4F67-9453-D8E3FD93A2FE}.Release|Any CPU.ActiveCfg = Release|Any CPU
		{2320C7DE-5FF6-4F67-9453-D8E3FD93A2FE}.Release|Any CPU.Build.0 = Release|Any CPU
		{C136CA96-9072-4BD2-BD96-1A40750ED792}.Debug|Any CPU.ActiveCfg = Debug|Any CPU
		{C136CA96-9072-4BD2-BD96-1A40750ED792}.Debug|Any CPU.Build.0 = Debug|Any CPU
		{C136CA96-9072-4BD2-BD96-1A40750ED792}.Release|Any CPU.ActiveCfg = Release|Any CPU
		{C136CA96-9072-4BD2-BD96-1A40750ED792}.Release|Any CPU.Build.0 = Release|Any CPU
		{D7CD3057-8550-4106-AB62-08676392D622}.Debug|Any CPU.ActiveCfg = Debug|Any CPU
		{D7CD3057-8550-4106-AB62-08676392D622}.Debug|Any CPU.Build.0 = Debug|Any CPU
		{D7CD3057-8550-4106-AB62-08676392D622}.Release|Any CPU.ActiveCfg = Release|Any CPU
		{D7CD3057-8550-4106-AB62-08676392D622}.Release|Any CPU.Build.0 = Release|Any CPU
		{0C0FC986-3790-4718-9336-B4761F364F41}.Debug|Any CPU.ActiveCfg = Debug|Any CPU
		{0C0FC986-3790-4718-9336-B4761F364F41}.Debug|Any CPU.Build.0 = Debug|Any CPU
		{0C0FC986-3790-4718-9336-B4761F364F41}.Release|Any CPU.ActiveCfg = Release|Any CPU
		{0C0FC986-3790-4718-9336-B4761F364F41}.Release|Any CPU.Build.0 = Release|Any CPU
		{BA0D735E-2EEC-45EB-8870-6EE0A520601A}.Debug|Any CPU.ActiveCfg = Debug|Any CPU
		{BA0D735E-2EEC-45EB-8870-6EE0A520601A}.Debug|Any CPU.Build.0 = Debug|Any CPU
		{BA0D735E-2EEC-45EB-8870-6EE0A520601A}.Release|Any CPU.ActiveCfg = Release|Any CPU
		{BA0D735E-2EEC-45EB-8870-6EE0A520601A}.Release|Any CPU.Build.0 = Release|Any CPU
		{82E5D4ED-EB0E-4A65-A621-5717A07FC2A0}.Debug|Any CPU.ActiveCfg = Debug|Any CPU
		{82E5D4ED-EB0E-4A65-A621-5717A07FC2A0}.Debug|Any CPU.Build.0 = Debug|Any CPU
		{82E5D4ED-EB0E-4A65-A621-5717A07FC2A0}.Release|Any CPU.ActiveCfg = Release|Any CPU
		{82E5D4ED-EB0E-4A65-A621-5717A07FC2A0}.Release|Any CPU.Build.0 = Release|Any CPU
		{3E7C0400-B091-4C78-A076-BFA2F82768EE}.Debug|Any CPU.ActiveCfg = Debug|Any CPU
		{3E7C0400-B091-4C78-A076-BFA2F82768EE}.Debug|Any CPU.Build.0 = Debug|Any CPU
		{3E7C0400-B091-4C78-A076-BFA2F82768EE}.Release|Any CPU.ActiveCfg = Release|Any CPU
		{3E7C0400-B091-4C78-A076-BFA2F82768EE}.Release|Any CPU.Build.0 = Release|Any CPU
	EndGlobalSection
	GlobalSection(SolutionProperties) = preSolution
		HideSolutionNode = FALSE
	EndGlobalSection
	GlobalSection(ExtensibilityGlobals) = postSolution
		SolutionGuid = {59E09DBE-39C1-4832-BCB2-D5ADAF97976D}
	EndGlobalSection
EndGlobal
